
Microsoft Visual Studio Solution File, Format Version 12.00
# Visual Studio 15
VisualStudioVersion = 15.0.26124.0
MinimumVisualStudioVersion = 15.0.26124.0
Project("{FAE04EC0-301F-11D3-BF4B-00C04F79EFBC}") = "Domain", "Domain\Domain.csproj", "{078FEFCF-2917-48B2-ADF6-F1C38F2D22A8}"
EndProject
Project("{FAE04EC0-301F-11D3-BF4B-00C04F79EFBC}") = "Application", "Application\Application.csproj", "{65039F2C-7FA5-49AD-85C1-6698F6BF7241}"
EndProject
Project("{FAE04EC0-301F-11D3-BF4B-00C04F79EFBC}") = "Persistence", "Persistence\Persistence.csproj", "{1A2F680D-13BC-42D7-9E11-337B30D52D5A}"
EndProject
Project("{FAE04EC0-301F-11D3-BF4B-00C04F79EFBC}") = "API", "API\API.csproj", "{5650B07C-00C4-41BF-912D-B76ADD789F2A}"
EndProject
Global
	GlobalSection(SolutionConfigurationPlatforms) = preSolution
		Debug|Any CPU = Debug|Any CPU
		Debug|x64 = Debug|x64
		Debug|x86 = Debug|x86
		Release|Any CPU = Release|Any CPU
		Release|x64 = Release|x64
		Release|x86 = Release|x86
	EndGlobalSection
	GlobalSection(SolutionProperties) = preSolution
		HideSolutionNode = FALSE
	EndGlobalSection
	GlobalSection(ProjectConfigurationPlatforms) = postSolution
		{078FEFCF-2917-48B2-ADF6-F1C38F2D22A8}.Debug|Any CPU.ActiveCfg = Debug|Any CPU
		{078FEFCF-2917-48B2-ADF6-F1C38F2D22A8}.Debug|Any CPU.Build.0 = Debug|Any CPU
		{078FEFCF-2917-48B2-ADF6-F1C38F2D22A8}.Debug|x64.ActiveCfg = Debug|Any CPU
		{078FEFCF-2917-48B2-ADF6-F1C38F2D22A8}.Debug|x64.Build.0 = Debug|Any CPU
		{078FEFCF-2917-48B2-ADF6-F1C38F2D22A8}.Debug|x86.ActiveCfg = Debug|Any CPU
		{078FEFCF-2917-48B2-ADF6-F1C38F2D22A8}.Debug|x86.Build.0 = Debug|Any CPU
		{078FEFCF-2917-48B2-ADF6-F1C38F2D22A8}.Release|Any CPU.ActiveCfg = Release|Any CPU
		{078FEFCF-2917-48B2-ADF6-F1C38F2D22A8}.Release|Any CPU.Build.0 = Release|Any CPU
		{078FEFCF-2917-48B2-ADF6-F1C38F2D22A8}.Release|x64.ActiveCfg = Release|Any CPU
		{078FEFCF-2917-48B2-ADF6-F1C38F2D22A8}.Release|x64.Build.0 = Release|Any CPU
		{078FEFCF-2917-48B2-ADF6-F1C38F2D22A8}.Release|x86.ActiveCfg = Release|Any CPU
		{078FEFCF-2917-48B2-ADF6-F1C38F2D22A8}.Release|x86.Build.0 = Release|Any CPU
		{65039F2C-7FA5-49AD-85C1-6698F6BF7241}.Debug|Any CPU.ActiveCfg = Debug|Any CPU
		{65039F2C-7FA5-49AD-85C1-6698F6BF7241}.Debug|Any CPU.Build.0 = Debug|Any CPU
		{65039F2C-7FA5-49AD-85C1-6698F6BF7241}.Debug|x64.ActiveCfg = Debug|Any CPU
		{65039F2C-7FA5-49AD-85C1-6698F6BF7241}.Debug|x64.Build.0 = Debug|Any CPU
		{65039F2C-7FA5-49AD-85C1-6698F6BF7241}.Debug|x86.ActiveCfg = Debug|Any CPU
		{65039F2C-7FA5-49AD-85C1-6698F6BF7241}.Debug|x86.Build.0 = Debug|Any CPU
		{65039F2C-7FA5-49AD-85C1-6698F6BF7241}.Release|Any CPU.ActiveCfg = Release|Any CPU
		{65039F2C-7FA5-49AD-85C1-6698F6BF7241}.Release|Any CPU.Build.0 = Release|Any CPU
		{65039F2C-7FA5-49AD-85C1-6698F6BF7241}.Release|x64.ActiveCfg = Release|Any CPU
		{65039F2C-7FA5-49AD-85C1-6698F6BF7241}.Release|x64.Build.0 = Release|Any CPU
		{65039F2C-7FA5-49AD-85C1-6698F6BF7241}.Release|x86.ActiveCfg = Release|Any CPU
		{65039F2C-7FA5-49AD-85C1-6698F6BF7241}.Release|x86.Build.0 = Release|Any CPU
		{1A2F680D-13BC-42D7-9E11-337B30D52D5A}.Debug|Any CPU.ActiveCfg = Debug|Any CPU
		{1A2F680D-13BC-42D7-9E11-337B30D52D5A}.Debug|Any CPU.Build.0 = Debug|Any CPU
		{1A2F680D-13BC-42D7-9E11-337B30D52D5A}.Debug|x64.ActiveCfg = Debug|Any CPU
		{1A2F680D-13BC-42D7-9E11-337B30D52D5A}.Debug|x64.Build.0 = Debug|Any CPU
		{1A2F680D-13BC-42D7-9E11-337B30D52D5A}.Debug|x86.ActiveCfg = Debug|Any CPU
		{1A2F680D-13BC-42D7-9E11-337B30D52D5A}.Debug|x86.Build.0 = Debug|Any CPU
		{1A2F680D-13BC-42D7-9E11-337B30D52D5A}.Release|Any CPU.ActiveCfg = Release|Any CPU
		{1A2F680D-13BC-42D7-9E11-337B30D52D5A}.Release|Any CPU.Build.0 = Release|Any CPU
		{1A2F680D-13BC-42D7-9E11-337B30D52D5A}.Release|x64.ActiveCfg = Release|Any CPU
		{1A2F680D-13BC-42D7-9E11-337B30D52D5A}.Release|x64.Build.0 = Release|Any CPU
		{1A2F680D-13BC-42D7-9E11-337B30D52D5A}.Release|x86.ActiveCfg = Release|Any CPU
		{1A2F680D-13BC-42D7-9E11-337B30D52D5A}.Release|x86.Build.0 = Release|Any CPU
		{5650B07C-00C4-41BF-912D-B76ADD789F2A}.Debug|Any CPU.ActiveCfg = Debug|Any CPU
		{5650B07C-00C4-41BF-912D-B76ADD789F2A}.Debug|Any CPU.Build.0 = Debug|Any CPU
		{5650B07C-00C4-41BF-912D-B76ADD789F2A}.Debug|x64.ActiveCfg = Debug|Any CPU
		{5650B07C-00C4-41BF-912D-B76ADD789F2A}.Debug|x64.Build.0 = Debug|Any CPU
		{5650B07C-00C4-41BF-912D-B76ADD789F2A}.Debug|x86.ActiveCfg = Debug|Any CPU
		{5650B07C-00C4-41BF-912D-B76ADD789F2A}.Debug|x86.Build.0 = Debug|Any CPU
		{5650B07C-00C4-41BF-912D-B76ADD789F2A}.Release|Any CPU.ActiveCfg = Release|Any CPU
		{5650B07C-00C4-41BF-912D-B76ADD789F2A}.Release|Any CPU.Build.0 = Release|Any CPU
		{5650B07C-00C4-41BF-912D-B76ADD789F2A}.Release|x64.ActiveCfg = Release|Any CPU
		{5650B07C-00C4-41BF-912D-B76ADD789F2A}.Release|x64.Build.0 = Release|Any CPU
		{5650B07C-00C4-41BF-912D-B76ADD789F2A}.Release|x86.ActiveCfg = Release|Any CPU
		{5650B07C-00C4-41BF-912D-B76ADD789F2A}.Release|x86.Build.0 = Release|Any CPU
	EndGlobalSection
EndGlobal
